{
  "name": "asp.net",
  "version": "1.0.0",
  "lockfileVersion": 1,
  "requires": true,
  "dependencies": {
    "bootstrap": {
      "version": "4.1.1",
      "resolved": "https://registry.npmjs.org/bootstrap/-/bootstrap-4.1.1.tgz",
      "integrity": "sha512-SpiDSOcbg4J/PjVSt4ny5eY6j74VbVSjROY4Fb/WIUXBV9cnb5luyR4KnPvNoXuGnBK1T+nJIWqRsvU3yP8Mcg==",
      "dev": true
    },
    "jquery": {
      "version": "3.3.1",
      "resolved": "https://registry.npmjs.org/jquery/-/jquery-3.3.1.tgz",
      "integrity": "sha512-Ubldcmxp5np52/ENotGxlLe6aGMvmF4R8S6tZjsP6Knsaxd/xp3Zrh50cG93lR6nPXyUFwzN3ZSOQI0wRJNdGg==",
      "dev": true
    },
    "startbootstrap-shop-homepage": {
      "version": "4.1.1",
      "resolved": "https://registry.npmjs.org/startbootstrap-shop-homepage/-/startbootstrap-shop-homepage-4.1.1.tgz",
      "integrity": "sha512-CVIkc/hymPgGrN1f6PO67Lz1+Vlunm8NkI3Vg0OzQ72wlkJ9pIj7xpDdoLFTPXEJwkyPgIMLt8apTx15mvyQKw==",
      "dev": true,
      "requires": {
        "bootstrap": "4.1.1",
        "jquery": "3.3.1"
      }
    }
  }
}
